<?xml version="1.0" encoding="UTF-8"?>
<Scheme
   version = "1.3">
   <BuildAction>
      <BuildActionEntries>
         <BuildActionEntry
            buildForRunning = "YES">
            <BuildableReference
               BuildableIdentifier = "primary"
               BlueprintIdentifier = "CA6EC66272F28A1B7DD3603A"
               BuildableName = "SwiftRocksFolio.app"
               BlueprintName = "SwiftRocksFolio"
               ReferencedContainer = "container:SwiftRocksFolio.xcodeproj">
            </BuildableReference>
         </BuildActionEntry>
      </BuildActionEntries>
   </BuildAction>
   <LaunchAction
      useCustomWorkingDirectory = "NO"
      buildConfiguration = "Debug"
      allowLocationSimulation = "YES">
      <BuildableProductRunnable>
         <BuildableReference
            BuildableIdentifier = "primary"
            BlueprintIdentifier = "CA6EC66272F28A1B7DD3603A"
            BuildableName = "SwiftRocksFolio.app"
            BlueprintName = "SwiftRocksFolio"
            ReferencedContainer = "container:SwiftRocksFolio.xcodeproj">
         </BuildableReference>
      </BuildableProductRunnable>
   </LaunchAction>
</Scheme>
